
Microsoft Visual Studio Solution File, Format Version 12.00
# Visual Studio Version 17
VisualStudioVersion = 17.1.32421.90
MinimumVisualStudioVersion = 10.0.40219.1
Project("{9A19103F-16F7-4668-BE54-9A1E7A4F7556}") = "MeuPrimeiroCodigo", "MeuPrimeiroCodigo\MeuPrimeiroCodigo.csproj", "{98E6A9DC-FF5D-46F6-897A-D90D9D5B4E67}"
EndProject
Project("{9A19103F-16F7-4668-BE54-9A1E7A4F7556}") = "MinhasInformacoes", "MinhasInformacoes\MinhasInformacoes.csproj", "{55161430-26C5-4691-A2BD-38EB0EFF84E9}"
EndProject
Project("{9A19103F-16F7-4668-BE54-9A1E7A4F7556}") = "Calculadora", "Calculadora\Calculadora.csproj", "{375B2EA4-265B-4366-A5F1-7AE31B7E0016}"
EndProject
Project("{9A19103F-16F7-4668-BE54-9A1E7A4F7556}") = "Constante", "Constante\Constante.csproj", "{E7453A10-DD17-4742-BE20-F88B8D9C1BE7}"
EndProject
Project("{9A19103F-16F7-4668-BE54-9A1E7A4F7556}") = "Exercicios", "Exercicios\Exercicios.csproj", "{173FA1CC-234B-45F3-B7AF-4425FC645E1A}"
EndProject
Project("{9A19103F-16F7-4668-BE54-9A1E7A4F7556}") = "AreaDoCirculo", "AreaDoCirculo\AreaDoCirculo.csproj", "{857035A6-77BA-400A-A344-754849E9F527}"
EndProject
Project("{9A19103F-16F7-4668-BE54-9A1E7A4F7556}") = "SomaSimples", "SomaSimples\SomaSimples.csproj", "{C7296E0C-0CA4-43BC-88C6-FD2BE35131F5}"
EndProject
Project("{9A19103F-16F7-4668-BE54-9A1E7A4F7556}") = "ProdutoSimples", "ProdutoSimples\ProdutoSimples.csproj", "{6077F348-E002-4529-AC80-FC8EF4429CCD}"
EndProject
Project("{9A19103F-16F7-4668-BE54-9A1E7A4F7556}") = "Media1", "Media1\Media1.csproj", "{E02B3A7E-52A6-4B0A-A67B-056532360232}"
EndProject
Project("{9A19103F-16F7-4668-BE54-9A1E7A4F7556}") = "Media2", "Media2\Media2.csproj", "{5EC85986-8663-4A51-A2CE-B31F0751FA26}"
EndProject
Project("{9A19103F-16F7-4668-BE54-9A1E7A4F7556}") = "Intervalo", "Intervalo\Intervalo.csproj", "{15E7B9E8-386A-4640-947F-A68404AA9507}"
EndProject
Project("{9A19103F-16F7-4668-BE54-9A1E7A4F7556}") = "AumentoDeSalario", "AumentoDeSalario\AumentoDeSalario.csproj", "{775AD7AF-27AD-4CFD-935A-E61A257A1554}"
EndProject
Project("{9A19103F-16F7-4668-BE54-9A1E7A4F7556}") = "Animal", "Animal\Animal.csproj", "{96EC4BCD-3B65-4E53-8F6B-57319E8CD779}"
EndProject
Project("{9A19103F-16F7-4668-BE54-9A1E7A4F7556}") = "DDD", "DDD\DDD.csproj", "{3E56B673-23AE-4779-840D-6B56EB2EC76D}"
EndProject
Project("{9A19103F-16F7-4668-BE54-9A1E7A4F7556}") = "NumerosPares", "NumerosPares\NumerosPares.csproj", "{BC025BBD-334C-4CCF-A6A7-2A73888FF41A}"
EndProject
Project("{9A19103F-16F7-4668-BE54-9A1E7A4F7556}") = "NumerosPositivos", "NumerosPositivos\NumerosPositivos.csproj", "{B0971569-BE8B-4B4B-B8B5-A48C5A26D196}"
EndProject
Project("{9A19103F-16F7-4668-BE54-9A1E7A4F7556}") = "PositivosEMedia", "PositivosEMedia\PositivosEMedia.csproj", "{167C65F6-50F2-4304-A73E-39609B400A72}"
EndProject
Project("{9A19103F-16F7-4668-BE54-9A1E7A4F7556}") = "PIPN", "PIPN\PIPN.csproj", "{23644D47-F667-4224-9303-A73460D6AEDE}"
EndProject
Project("{FAE04EC0-301F-11D3-BF4B-00C04F79EFBC}") = "NumerosImpares", "NumerosImpares\NumerosImpares.csproj", "{B6BF560E-6DDB-4A07-980C-E8CCCDB93269}"
EndProject
Project("{FAE04EC0-301F-11D3-BF4B-00C04F79EFBC}") = "VetorEMatriz", "VetorEMatriz\VetorEMatriz.csproj", "{946999BA-46F1-4849-AE75-1906374F4327}"
EndProject
Project("{FAE04EC0-301F-11D3-BF4B-00C04F79EFBC}") = "ExercicioVetores", "ExercicioVetores\ExercicioVetores.csproj", "{ABEA53ED-FDE3-480D-BF33-8414B1176472}"
EndProject
Project("{FAE04EC0-301F-11D3-BF4B-00C04F79EFBC}") = "Matriz", "Matriz\Matriz.csproj", "{B7DCCAC5-832A-4FF2-84F6-FB8E915A14B8}"
EndProject
Global
	GlobalSection(SolutionConfigurationPlatforms) = preSolution
		Debug|Any CPU = Debug|Any CPU
		Release|Any CPU = Release|Any CPU
	EndGlobalSection
	GlobalSection(ProjectConfigurationPlatforms) = postSolution
		{98E6A9DC-FF5D-46F6-897A-D90D9D5B4E67}.Debug|Any CPU.ActiveCfg = Debug|Any CPU
		{98E6A9DC-FF5D-46F6-897A-D90D9D5B4E67}.Debug|Any CPU.Build.0 = Debug|Any CPU
		{98E6A9DC-FF5D-46F6-897A-D90D9D5B4E67}.Release|Any CPU.ActiveCfg = Release|Any CPU
		{98E6A9DC-FF5D-46F6-897A-D90D9D5B4E67}.Release|Any CPU.Build.0 = Release|Any CPU
		{55161430-26C5-4691-A2BD-38EB0EFF84E9}.Debug|Any CPU.ActiveCfg = Debug|Any CPU
		{55161430-26C5-4691-A2BD-38EB0EFF84E9}.Debug|Any CPU.Build.0 = Debug|Any CPU
		{55161430-26C5-4691-A2BD-38EB0EFF84E9}.Release|Any CPU.ActiveCfg = Release|Any CPU
		{55161430-26C5-4691-A2BD-38EB0EFF84E9}.Release|Any CPU.Build.0 = Release|Any CPU
		{375B2EA4-265B-4366-A5F1-7AE31B7E0016}.Debug|Any CPU.ActiveCfg = Debug|Any CPU
		{375B2EA4-265B-4366-A5F1-7AE31B7E0016}.Debug|Any CPU.Build.0 = Debug|Any CPU
		{375B2EA4-265B-4366-A5F1-7AE31B7E0016}.Release|Any CPU.ActiveCfg = Release|Any CPU
		{375B2EA4-265B-4366-A5F1-7AE31B7E0016}.Release|Any CPU.Build.0 = Release|Any CPU
		{E7453A10-DD17-4742-BE20-F88B8D9C1BE7}.Debug|Any CPU.ActiveCfg = Debug|Any CPU
		{E7453A10-DD17-4742-BE20-F88B8D9C1BE7}.Debug|Any CPU.Build.0 = Debug|Any CPU
		{E7453A10-DD17-4742-BE20-F88B8D9C1BE7}.Release|Any CPU.ActiveCfg = Release|Any CPU
		{E7453A10-DD17-4742-BE20-F88B8D9C1BE7}.Release|Any CPU.Build.0 = Release|Any CPU
		{173FA1CC-234B-45F3-B7AF-4425FC645E1A}.Debug|Any CPU.ActiveCfg = Debug|Any CPU
		{173FA1CC-234B-45F3-B7AF-4425FC645E1A}.Debug|Any CPU.Build.0 = Debug|Any CPU
		{173FA1CC-234B-45F3-B7AF-4425FC645E1A}.Release|Any CPU.ActiveCfg = Release|Any CPU
		{173FA1CC-234B-45F3-B7AF-4425FC645E1A}.Release|Any CPU.Build.0 = Release|Any CPU
		{857035A6-77BA-400A-A344-754849E9F527}.Debug|Any CPU.ActiveCfg = Debug|Any CPU
		{857035A6-77BA-400A-A344-754849E9F527}.Debug|Any CPU.Build.0 = Debug|Any CPU
		{857035A6-77BA-400A-A344-754849E9F527}.Release|Any CPU.ActiveCfg = Release|Any CPU
		{857035A6-77BA-400A-A344-754849E9F527}.Release|Any CPU.Build.0 = Release|Any CPU
		{C7296E0C-0CA4-43BC-88C6-FD2BE35131F5}.Debug|Any CPU.ActiveCfg = Debug|Any CPU
		{C7296E0C-0CA4-43BC-88C6-FD2BE35131F5}.Debug|Any CPU.Build.0 = Debug|Any CPU
		{C7296E0C-0CA4-43BC-88C6-FD2BE35131F5}.Release|Any CPU.ActiveCfg = Release|Any CPU
		{C7296E0C-0CA4-43BC-88C6-FD2BE35131F5}.Release|Any CPU.Build.0 = Release|Any CPU
		{6077F348-E002-4529-AC80-FC8EF4429CCD}.Debug|Any CPU.ActiveCfg = Debug|Any CPU
		{6077F348-E002-4529-AC80-FC8EF4429CCD}.Debug|Any CPU.Build.0 = Debug|Any CPU
		{6077F348-E002-4529-AC80-FC8EF4429CCD}.Release|Any CPU.ActiveCfg = Release|Any CPU
		{6077F348-E002-4529-AC80-FC8EF4429CCD}.Release|Any CPU.Build.0 = Release|Any CPU
		{E02B3A7E-52A6-4B0A-A67B-056532360232}.Debug|Any CPU.ActiveCfg = Debug|Any CPU
		{E02B3A7E-52A6-4B0A-A67B-056532360232}.Debug|Any CPU.Build.0 = Debug|Any CPU
		{E02B3A7E-52A6-4B0A-A67B-056532360232}.Release|Any CPU.ActiveCfg = Release|Any CPU
		{E02B3A7E-52A6-4B0A-A67B-056532360232}.Release|Any CPU.Build.0 = Release|Any CPU
		{5EC85986-8663-4A51-A2CE-B31F0751FA26}.Debug|Any CPU.ActiveCfg = Debug|Any CPU
		{5EC85986-8663-4A51-A2CE-B31F0751FA26}.Debug|Any CPU.Build.0 = Debug|Any CPU
		{5EC85986-8663-4A51-A2CE-B31F0751FA26}.Release|Any CPU.ActiveCfg = Release|Any CPU
		{5EC85986-8663-4A51-A2CE-B31F0751FA26}.Release|Any CPU.Build.0 = Release|Any CPU
		{15E7B9E8-386A-4640-947F-A68404AA9507}.Debug|Any CPU.ActiveCfg = Debug|Any CPU
		{15E7B9E8-386A-4640-947F-A68404AA9507}.Debug|Any CPU.Build.0 = Debug|Any CPU
		{15E7B9E8-386A-4640-947F-A68404AA9507}.Release|Any CPU.ActiveCfg = Release|Any CPU
		{15E7B9E8-386A-4640-947F-A68404AA9507}.Release|Any CPU.Build.0 = Release|Any CPU
		{775AD7AF-27AD-4CFD-935A-E61A257A1554}.Debug|Any CPU.ActiveCfg = Debug|Any CPU
		{775AD7AF-27AD-4CFD-935A-E61A257A1554}.Debug|Any CPU.Build.0 = Debug|Any CPU
		{775AD7AF-27AD-4CFD-935A-E61A257A1554}.Release|Any CPU.ActiveCfg = Release|Any CPU
		{775AD7AF-27AD-4CFD-935A-E61A257A1554}.Release|Any CPU.Build.0 = Release|Any CPU
		{96EC4BCD-3B65-4E53-8F6B-57319E8CD779}.Debug|Any CPU.ActiveCfg = Debug|Any CPU
		{96EC4BCD-3B65-4E53-8F6B-57319E8CD779}.Debug|Any CPU.Build.0 = Debug|Any CPU
		{96EC4BCD-3B65-4E53-8F6B-57319E8CD779}.Release|Any CPU.ActiveCfg = Release|Any CPU
		{96EC4BCD-3B65-4E53-8F6B-57319E8CD779}.Release|Any CPU.Build.0 = Release|Any CPU
		{3E56B673-23AE-4779-840D-6B56EB2EC76D}.Debug|Any CPU.ActiveCfg = Debug|Any CPU
		{3E56B673-23AE-4779-840D-6B56EB2EC76D}.Debug|Any CPU.Build.0 = Debug|Any CPU
		{3E56B673-23AE-4779-840D-6B56EB2EC76D}.Release|Any CPU.ActiveCfg = Release|Any CPU
		{3E56B673-23AE-4779-840D-6B56EB2EC76D}.Release|Any CPU.Build.0 = Release|Any CPU
		{BC025BBD-334C-4CCF-A6A7-2A73888FF41A}.Debug|Any CPU.ActiveCfg = Debug|Any CPU
		{BC025BBD-334C-4CCF-A6A7-2A73888FF41A}.Debug|Any CPU.Build.0 = Debug|Any CPU
		{BC025BBD-334C-4CCF-A6A7-2A73888FF41A}.Release|Any CPU.ActiveCfg = Release|Any CPU
		{BC025BBD-334C-4CCF-A6A7-2A73888FF41A}.Release|Any CPU.Build.0 = Release|Any CPU
		{B0971569-BE8B-4B4B-B8B5-A48C5A26D196}.Debug|Any CPU.ActiveCfg = Debug|Any CPU
		{B0971569-BE8B-4B4B-B8B5-A48C5A26D196}.Debug|Any CPU.Build.0 = Debug|Any CPU
		{B0971569-BE8B-4B4B-B8B5-A48C5A26D196}.Release|Any CPU.ActiveCfg = Release|Any CPU
		{B0971569-BE8B-4B4B-B8B5-A48C5A26D196}.Release|Any CPU.Build.0 = Release|Any CPU
		{167C65F6-50F2-4304-A73E-39609B400A72}.Debug|Any CPU.ActiveCfg = Debug|Any CPU
		{167C65F6-50F2-4304-A73E-39609B400A72}.Debug|Any CPU.Build.0 = Debug|Any CPU
		{167C65F6-50F2-4304-A73E-39609B400A72}.Release|Any CPU.ActiveCfg = Release|Any CPU
		{167C65F6-50F2-4304-A73E-39609B400A72}.Release|Any CPU.Build.0 = Release|Any CPU
		{23644D47-F667-4224-9303-A73460D6AEDE}.Debug|Any CPU.ActiveCfg = Debug|Any CPU
		{23644D47-F667-4224-9303-A73460D6AEDE}.Debug|Any CPU.Build.0 = Debug|Any CPU
		{23644D47-F667-4224-9303-A73460D6AEDE}.Release|Any CPU.ActiveCfg = Release|Any CPU
		{23644D47-F667-4224-9303-A73460D6AEDE}.Release|Any CPU.Build.0 = Release|Any CPU
		{B6BF560E-6DDB-4A07-980C-E8CCCDB93269}.Debug|Any CPU.ActiveCfg = Debug|Any CPU
		{B6BF560E-6DDB-4A07-980C-E8CCCDB93269}.Debug|Any CPU.Build.0 = Debug|Any CPU
		{B6BF560E-6DDB-4A07-980C-E8CCCDB93269}.Release|Any CPU.ActiveCfg = Release|Any CPU
		{B6BF560E-6DDB-4A07-980C-E8CCCDB93269}.Release|Any CPU.Build.0 = Release|Any CPU
		{946999BA-46F1-4849-AE75-1906374F4327}.Debug|Any CPU.ActiveCfg = Debug|Any CPU
		{946999BA-46F1-4849-AE75-1906374F4327}.Debug|Any CPU.Build.0 = Debug|Any CPU
		{946999BA-46F1-4849-AE75-1906374F4327}.Release|Any CPU.ActiveCfg = Release|Any CPU
		{946999BA-46F1-4849-AE75-1906374F4327}.Release|Any CPU.Build.0 = Release|Any CPU
		{ABEA53ED-FDE3-480D-BF33-8414B1176472}.Debug|Any CPU.ActiveCfg = Debug|Any CPU
		{ABEA53ED-FDE3-480D-BF33-8414B1176472}.Debug|Any CPU.Build.0 = Debug|Any CPU
		{ABEA53ED-FDE3-480D-BF33-8414B1176472}.Release|Any CPU.ActiveCfg = Release|Any CPU
		{ABEA53ED-FDE3-480D-BF33-8414B1176472}.Release|Any CPU.Build.0 = Release|Any CPU
		{B7DCCAC5-832A-4FF2-84F6-FB8E915A14B8}.Debug|Any CPU.ActiveCfg = Debug|Any CPU
		{B7DCCAC5-832A-4FF2-84F6-FB8E915A14B8}.Debug|Any CPU.Build.0 = Debug|Any CPU
		{B7DCCAC5-832A-4FF2-84F6-FB8E915A14B8}.Release|Any CPU.ActiveCfg = Release|Any CPU
		{B7DCCAC5-832A-4FF2-84F6-FB8E915A14B8}.Release|Any CPU.Build.0 = Release|Any CPU
	EndGlobalSection
	GlobalSection(SolutionProperties) = preSolution
		HideSolutionNode = FALSE
	EndGlobalSection
	GlobalSection(ExtensibilityGlobals) = postSolution
		SolutionGuid = {9BF9FC21-7851-4CA5-9380-159D73EE7004}
	EndGlobalSection
EndGlobal
